
Microsoft Visual Studio Solution File, Format Version 12.00
# Visual Studio Version 16
VisualStudioVersion = 16.0.30907.101
MinimumVisualStudioVersion = 10.0.40219.1
Project("{FAE04EC0-301F-11D3-BF4B-00C04F79EFBC}") = "LetterDemo", "LetterDemo\LetterDemo.csproj", "{AAFB139B-CFFE-4E87-A92D-42772651B175}"
EndProject
Global
	GlobalSection(SolutionConfigurationPlatforms) = preSolution
		Debug|Any CPU = Debug|Any CPU
		Release|Any CPU = Release|Any CPU
	EndGlobalSection
	GlobalSection(ProjectConfigurationPlatforms) = postSolution
		{AAFB139B-CFFE-4E87-A92D-42772651B175}.Debug|Any CPU.ActiveCfg = Debug|Any CPU
		{AAFB139B-CFFE-4E87-A92D-42772651B175}.Debug|Any CPU.Build.0 = Debug|Any CPU
		{AAFB139B-CFFE-4E87-A92D-42772651B175}.Release|Any CPU.ActiveCfg = Release|Any CPU
		{AAFB139B-CFFE-4E87-A92D-42772651B175}.Release|Any CPU.Build.0 = Release|Any CPU
	EndGlobalSection
	GlobalSection(SolutionProperties) = preSolution
		HideSolutionNode = FALSE
	EndGlobalSection
	GlobalSection(ExtensibilityGlobals) = postSolution
		SolutionGuid = {BDFE8E5B-DE41-4FA1-9B85-5286918D7F96}
	EndGlobalSection
EndGlobal
